
Microsoft Visual Studio Solution File, Format Version 12.00
# Visual Studio Version 17
VisualStudioVersion = 17.14.37012.4
MinimumVisualStudioVersion = 10.0.40219.1
Project("{8BC9CEB8-8B4A-11D0-8D11-00A0C91BC942}") = "T3", "T3\T3.vcxproj", "{1EE6AB4C-EF3C-4874-AD35-A778C832B48E}"
EndProject
Project("{8BC9CEB8-8B4A-11D0-8D11-00A0C91BC942}") = "T4", "T4\T4.vcxproj", "{C8BBFA82-8C2D-404A-B115-AF7E4286CA2F}"
EndProject
Project("{8BC9CEB8-8B4A-11D0-8D11-00A0C91BC942}") = "T5", "T5\T5.vcxproj", "{F248DA2E-2CA5-436D-B44D-9AED1987737C}"
EndProject
Project("{8BC9CEB8-8B4A-11D0-8D11-00A0C91BC942}") = "T6", "T6\T6.vcxproj", "{5EA12621-FA4C-4083-8C6C-5D54B47FAD46}"
EndProject
Project("{8BC9CEB8-8B4A-11D0-8D11-00A0C91BC942}") = "T7", "T7\T7.vcxproj", "{2B0368DC-F837-465E-87F7-C0ED0EE6F5E8}"
EndProject
Project("{8BC9CEB8-8B4A-11D0-8D11-00A0C91BC942}") = "T8", "T8\T8.vcxproj", "{1445C70A-96DE-454F-984D-57B75BDCBB84}"
EndProject
Project("{8BC9CEB8-8B4A-11D0-8D11-00A0C91BC942}") = "T9", "T9\T9.vcxproj", "{0A669A6C-C203-4BC2-9741-5FCFF1905B7D}"
EndProject
Project("{8BC9CEB8-8B4A-11D0-8D11-00A0C91BC942}") = "T10", "T10\T10.vcxproj", "{8606634A-2E49-49C1-94CC-7C7B1F9B85EB}"
EndProject
Project("{8BC9CEB8-8B4A-11D0-8D11-00A0C91BC942}") = "0.test", "0.test\0.test.vcxproj", "{A8F6F8FF-A60B-43EB-9A36-3957294BDA38}"
EndProject
Global
	GlobalSection(SolutionConfigurationPlatforms) = preSolution
		Debug|x64 = Debug|x64
		Debug|x86 = Debug|x86
		Release|x64 = Release|x64
		Release|x86 = Release|x86
	EndGlobalSection
	GlobalSection(ProjectConfigurationPlatforms) = postSolution
		{1EE6AB4C-EF3C-4874-AD35-A778C832B48E}.Debug|x64.ActiveCfg = Debug|x64
		{1EE6AB4C-EF3C-4874-AD35-A778C832B48E}.Debug|x64.Build.0 = Debug|x64
		{1EE6AB4C-EF3C-4874-AD35-A778C832B48E}.Debug|x86.ActiveCfg = Debug|Win32
		{1EE6AB4C-EF3C-4874-AD35-A778C832B48E}.Debug|x86.Build.0 = Debug|Win32
		{1EE6AB4C-EF3C-4874-AD35-A778C832B48E}.Release|x64.ActiveCfg = Release|x64
		{1EE6AB4C-EF3C-4874-AD35-A778C832B48E}.Release|x64.Build.0 = Release|x64
		{1EE6AB4C-EF3C-4874-AD35-A778C832B48E}.Release|x86.ActiveCfg = Release|Win32
		{1EE6AB4C-EF3C-4874-AD35-A778C832B48E}.Release|x86.Build.0 = Release|Win32
		{C8BBFA82-8C2D-404A-B115-AF7E4286CA2F}.Debug|x64.ActiveCfg = Debug|x64
		{C8BBFA82-8C2D-404A-B115-AF7E4286CA2F}.Debug|x64.Build.0 = Debug|x64
		{C8BBFA82-8C2D-404A-B115-AF7E4286CA2F}.Debug|x86.ActiveCfg = Debug|Win32
		{C8BBFA82-8C2D-404A-B115-AF7E4286CA2F}.Debug|x86.Build.0 = Debug|Win32
		{C8BBFA82-8C2D-404A-B115-AF7E4286CA2F}.Release|x64.ActiveCfg = Release|x64
		{C8BBFA82-8C2D-404A-B115-AF7E4286CA2F}.Release|x64.Build.0 = Release|x64
		{C8BBFA82-8C2D-404A-B115-AF7E4286CA2F}.Release|x86.ActiveCfg = Release|Win32
		{C8BBFA82-8C2D-404A-B115-AF7E4286CA2F}.Release|x86.Build.0 = Release|Win32
		{F248DA2E-2CA5-436D-B44D-9AED1987737C}.Debug|x64.ActiveCfg = Debug|x64
		{F248DA2E-2CA5-436D-B44D-9AED1987737C}.Debug|x64.Build.0 = Debug|x64
		{F248DA2E-2CA5-436D-B44D-9AED1987737C}.Debug|x86.ActiveCfg = Debug|Win32
		{F248DA2E-2CA5-436D-B44D-9AED1987737C}.Debug|x86.Build.0 = Debug|Win32
		{F248DA2E-2CA5-436D-B44D-9AED1987737C}.Release|x64.ActiveCfg = Release|x64
		{F248DA2E-2CA5-436D-B44D-9AED1987737C}.Release|x64.Build.0 = Release|x64
		{F248DA2E-2CA5-436D-B44D-9AED1987737C}.Release|x86.ActiveCfg = Release|Win32
		{F248DA2E-2CA5-436D-B44D-9AED1987737C}.Release|x86.Build.0 = Release|Win32
		{5EA12621-FA4C-4083-8C6C-5D54B47FAD46}.Debug|x64.ActiveCfg = Debug|x64
		{5EA12621-FA4C-4083-8C6C-5D54B47FAD46}.Debug|x64.Build.0 = Debug|x64
		{5EA12621-FA4C-4083-8C6C-5D54B47FAD46}.Debug|x86.ActiveCfg = Debug|Win32
		{5EA12621-FA4C-4083-8C6C-5D54B47FAD46}.Debug|x86.Build.0 = Debug|Win32
		{5EA12621-FA4C-4083-8C6C-5D54B47FAD46}.Release|x64.ActiveCfg = Release|x64
		{5EA12621-FA4C-4083-8C6C-5D54B47FAD46}.Release|x64.Build.0 = Release|x64
		{5EA12621-FA4C-4083-8C6C-5D54B47FAD46}.Release|x86.ActiveCfg = Release|Win32
		{5EA12621-FA4C-4083-8C6C-5D54B47FAD46}.Release|x86.Build.0 = Release|Win32
		{2B0368DC-F837-465E-87F7-C0ED0EE6F5E8}.Debug|x64.ActiveCfg = Debug|x64
		{2B0368DC-F837-465E-87F7-C0ED0EE6F5E8}.Debug|x64.Build.0 = Debug|x64
		{2B0368DC-F837-465E-87F7-C0ED0EE6F5E8}.Debug|x86.ActiveCfg = Debug|Win32
		{2B0368DC-F837-465E-87F7-C0ED0EE6F5E8}.Debug|x86.Build.0 = Debug|Win32
		{2B0368DC-F837-465E-87F7-C0ED0EE6F5E8}.Release|x64.ActiveCfg = Release|x64
		{2B0368DC-F837-465E-87F7-C0ED0EE6F5E8}.Release|x64.Build.0 = Release|x64
		{2B0368DC-F837-465E-87F7-C0ED0EE6F5E8}.Release|x86.ActiveCfg = Release|Win32
		{2B0368DC-F837-465E-87F7-C0ED0EE6F5E8}.Release|x86.Build.0 = Release|Win32
		{1445C70A-96DE-454F-984D-57B75BDCBB84}.Debug|x64.ActiveCfg = Debug|x64
		{1445C70A-96DE-454F-984D-57B75BDCBB84}.Debug|x64.Build.0 = Debug|x64
		{1445C70A-96DE-454F-984D-57B75BDCBB84}.Debug|x86.ActiveCfg = Debug|Win32
		{1445C70A-96DE-454F-984D-57B75BDCBB84}.Debug|x86.Build.0 = Debug|Win32
		{1445C70A-96DE-454F-984D-57B75BDCBB84}.Release|x64.ActiveCfg = Release|x64
		{1445C70A-96DE-454F-984D-57B75BDCBB84}.Release|x64.Build.0 = Release|x64
		{1445C70A-96DE-454F-984D-57B75BDCBB84}.Release|x86.ActiveCfg = Release|Win32
		{1445C70A-96DE-454F-984D-57B75BDCBB84}.Release|x86.Build.0 = Release|Win32
		{0A669A6C-C203-4BC2-9741-5FCFF1905B7D}.Debug|x64.ActiveCfg = Debug|x64
		{0A669A6C-C203-4BC2-9741-5FCFF1905B7D}.Debug|x64.Build.0 = Debug|x64
		{0A669A6C-C203-4BC2-9741-5FCFF1905B7D}.Debug|x86.ActiveCfg = Debug|Win32
		{0A669A6C-C203-4BC2-9741-5FCFF1905B7D}.Debug|x86.Build.0 = Debug|Win32
		{0A669A6C-C203-4BC2-9741-5FCFF1905B7D}.Release|x64.ActiveCfg = Release|x64
		{0A669A6C-C203-4BC2-9741-5FCFF1905B7D}.Release|x64.Build.0 = Release|x64
		{0A669A6C-C203-4BC2-9741-5FCFF1905B7D}.Release|x86.ActiveCfg = Release|Win32
		{0A669A6C-C203-4BC2-9741-5FCFF1905B7D}.Release|x86.Build.0 = Release|Win32
		{8606634A-2E49-49C1-94CC-7C7B1F9B85EB}.Debug|x64.ActiveCfg = Debug|x64
		{8606634A-2E49-49C1-94CC-7C7B1F9B85EB}.Debug|x64.Build.0 = Debug|x64
		{8606634A-2E49-49C1-94CC-7C7B1F9B85EB}.Debug|x86.ActiveCfg = Debug|Win32
		{8606634A-2E49-49C1-94CC-7C7B1F9B85EB}.Debug|x86.Build.0 = Debug|Win32
		{8606634A-2E49-49C1-94CC-7C7B1F9B85EB}.Release|x64.ActiveCfg = Release|x64
		{8606634A-2E49-49C1-94CC-7C7B1F9B85EB}.Release|x64.Build.0 = Release|x64
		{8606634A-2E49-49C1-94CC-7C7B1F9B85EB}.Release|x86.ActiveCfg = Release|Win32
		{8606634A-2E49-49C1-94CC-7C7B1F9B85EB}.Release|x86.Build.0 = Release|Win32
		{A8F6F8FF-A60B-43EB-9A36-3957294BDA38}.Debug|x64.ActiveCfg = Debug|x64
		{A8F6F8FF-A60B-43EB-9A36-3957294BDA38}.Debug|x64.Build.0 = Debug|x64
		{A8F6F8FF-A60B-43EB-9A36-3957294BDA38}.Debug|x86.ActiveCfg = Debug|Win32
		{A8F6F8FF-A60B-43EB-9A36-3957294BDA38}.Debug|x86.Build.0 = Debug|Win32
		{A8F6F8FF-A60B-43EB-9A36-3957294BDA38}.Release|x64.ActiveCfg = Release|x64
		{A8F6F8FF-A60B-43EB-9A36-3957294BDA38}.Release|x64.Build.0 = Release|x64
		{A8F6F8FF-A60B-43EB-9A36-3957294BDA38}.Release|x86.ActiveCfg = Release|Win32
		{A8F6F8FF-A60B-43EB-9A36-3957294BDA38}.Release|x86.Build.0 = Release|Win32
	EndGlobalSection
	GlobalSection(SolutionProperties) = preSolution
		HideSolutionNode = FALSE
	EndGlobalSection
	GlobalSection(ExtensibilityGlobals) = postSolution
		SolutionGuid = {46775111-7B3D-4416-AC67-0986254CC527}
	EndGlobalSection
EndGlobal
