
Microsoft Visual Studio Solution File, Format Version 12.00
# Visual Studio Version 16
VisualStudioVersion = 16.0.36631.11
MinimumVisualStudioVersion = 10.0.40219.1
Project("{8BC9CEB8-8B4A-11D0-8D11-00A0C91BC942}") = "T2_1", "T2_1\T2_1.vcxproj", "{ADD17371-5B06-40C1-AA47-60743DB897C6}"
EndProject
Project("{8BC9CEB8-8B4A-11D0-8D11-00A0C91BC942}") = "T2_2", "T2_2\T2_2.vcxproj", "{9714FEB6-B711-4324-817A-56752C9E12D8}"
EndProject
Project("{8BC9CEB8-8B4A-11D0-8D11-00A0C91BC942}") = "T2_3", "T2_3\T2_3.vcxproj", "{857E9469-A2BA-4587-A325-0D41781959EF}"
EndProject
Project("{8BC9CEB8-8B4A-11D0-8D11-00A0C91BC942}") = "T2_4", "T2_4\T2_4.vcxproj", "{CE336D09-6397-4D61-8176-FB44B147C840}"
EndProject
Project("{8BC9CEB8-8B4A-11D0-8D11-00A0C91BC942}") = "T2_5", "T2_5\T2_5.vcxproj", "{939B0F66-C931-4195-92A8-1F9C44082D0E}"
EndProject
Project("{8BC9CEB8-8B4A-11D0-8D11-00A0C91BC942}") = "T4", "T4\T4.vcxproj", "{ABF31AA9-FAE4-4FE3-877B-EB4BB81A3D5E}"
EndProject
Project("{8BC9CEB8-8B4A-11D0-8D11-00A0C91BC942}") = "T6", "T6\T6.vcxproj", "{3A472184-1730-4D28-B22B-C028539E5D43}"
EndProject
Project("{8BC9CEB8-8B4A-11D0-8D11-00A0C91BC942}") = "T5", "T5\T5.vcxproj", "{CE911623-FF3A-429D-88D5-C0F11A9FB91F}"
EndProject
Global
	GlobalSection(SolutionConfigurationPlatforms) = preSolution
		Debug|x64 = Debug|x64
		Debug|x86 = Debug|x86
		Release|x64 = Release|x64
		Release|x86 = Release|x86
	EndGlobalSection
	GlobalSection(ProjectConfigurationPlatforms) = postSolution
		{ADD17371-5B06-40C1-AA47-60743DB897C6}.Debug|x64.ActiveCfg = Debug|x64
		{ADD17371-5B06-40C1-AA47-60743DB897C6}.Debug|x64.Build.0 = Debug|x64
		{ADD17371-5B06-40C1-AA47-60743DB897C6}.Debug|x86.ActiveCfg = Debug|Win32
		{ADD17371-5B06-40C1-AA47-60743DB897C6}.Debug|x86.Build.0 = Debug|Win32
		{ADD17371-5B06-40C1-AA47-60743DB897C6}.Release|x64.ActiveCfg = Release|x64
		{ADD17371-5B06-40C1-AA47-60743DB897C6}.Release|x64.Build.0 = Release|x64
		{ADD17371-5B06-40C1-AA47-60743DB897C6}.Release|x86.ActiveCfg = Release|Win32
		{ADD17371-5B06-40C1-AA47-60743DB897C6}.Release|x86.Build.0 = Release|Win32
		{9714FEB6-B711-4324-817A-56752C9E12D8}.Debug|x64.ActiveCfg = Debug|x64
		{9714FEB6-B711-4324-817A-56752C9E12D8}.Debug|x64.Build.0 = Debug|x64
		{9714FEB6-B711-4324-817A-56752C9E12D8}.Debug|x86.ActiveCfg = Debug|Win32
		{9714FEB6-B711-4324-817A-56752C9E12D8}.Debug|x86.Build.0 = Debug|Win32
		{9714FEB6-B711-4324-817A-56752C9E12D8}.Release|x64.ActiveCfg = Release|x64
		{9714FEB6-B711-4324-817A-56752C9E12D8}.Release|x64.Build.0 = Release|x64
		{9714FEB6-B711-4324-817A-56752C9E12D8}.Release|x86.ActiveCfg = Release|Win32
		{9714FEB6-B711-4324-817A-56752C9E12D8}.Release|x86.Build.0 = Release|Win32
		{857E9469-A2BA-4587-A325-0D41781959EF}.Debug|x64.ActiveCfg = Debug|x64
		{857E9469-A2BA-4587-A325-0D41781959EF}.Debug|x64.Build.0 = Debug|x64
		{857E9469-A2BA-4587-A325-0D41781959EF}.Debug|x86.ActiveCfg = Debug|Win32
		{857E9469-A2BA-4587-A325-0D41781959EF}.Debug|x86.Build.0 = Debug|Win32
		{857E9469-A2BA-4587-A325-0D41781959EF}.Release|x64.ActiveCfg = Release|x64
		{857E9469-A2BA-4587-A325-0D41781959EF}.Release|x64.Build.0 = Release|x64
		{857E9469-A2BA-4587-A325-0D41781959EF}.Release|x86.ActiveCfg = Release|Win32
		{857E9469-A2BA-4587-A325-0D41781959EF}.Release|x86.Build.0 = Release|Win32
		{CE336D09-6397-4D61-8176-FB44B147C840}.Debug|x64.ActiveCfg = Debug|x64
		{CE336D09-6397-4D61-8176-FB44B147C840}.Debug|x64.Build.0 = Debug|x64
		{CE336D09-6397-4D61-8176-FB44B147C840}.Debug|x86.ActiveCfg = Debug|Win32
		{CE336D09-6397-4D61-8176-FB44B147C840}.Debug|x86.Build.0 = Debug|Win32
		{CE336D09-6397-4D61-8176-FB44B147C840}.Release|x64.ActiveCfg = Release|x64
		{CE336D09-6397-4D61-8176-FB44B147C840}.Release|x64.Build.0 = Release|x64
		{CE336D09-6397-4D61-8176-FB44B147C840}.Release|x86.ActiveCfg = Release|Win32
		{CE336D09-6397-4D61-8176-FB44B147C840}.Release|x86.Build.0 = Release|Win32
		{939B0F66-C931-4195-92A8-1F9C44082D0E}.Debug|x64.ActiveCfg = Debug|x64
		{939B0F66-C931-4195-92A8-1F9C44082D0E}.Debug|x64.Build.0 = Debug|x64
		{939B0F66-C931-4195-92A8-1F9C44082D0E}.Debug|x86.ActiveCfg = Debug|Win32
		{939B0F66-C931-4195-92A8-1F9C44082D0E}.Debug|x86.Build.0 = Debug|Win32
		{939B0F66-C931-4195-92A8-1F9C44082D0E}.Release|x64.ActiveCfg = Release|x64
		{939B0F66-C931-4195-92A8-1F9C44082D0E}.Release|x64.Build.0 = Release|x64
		{939B0F66-C931-4195-92A8-1F9C44082D0E}.Release|x86.ActiveCfg = Release|Win32
		{939B0F66-C931-4195-92A8-1F9C44082D0E}.Release|x86.Build.0 = Release|Win32
		{ABF31AA9-FAE4-4FE3-877B-EB4BB81A3D5E}.Debug|x64.ActiveCfg = Debug|x64
		{ABF31AA9-FAE4-4FE3-877B-EB4BB81A3D5E}.Debug|x64.Build.0 = Debug|x64
		{ABF31AA9-FAE4-4FE3-877B-EB4BB81A3D5E}.Debug|x86.ActiveCfg = Debug|Win32
		{ABF31AA9-FAE4-4FE3-877B-EB4BB81A3D5E}.Debug|x86.Build.0 = Debug|Win32
		{ABF31AA9-FAE4-4FE3-877B-EB4BB81A3D5E}.Release|x64.ActiveCfg = Release|x64
		{ABF31AA9-FAE4-4FE3-877B-EB4BB81A3D5E}.Release|x64.Build.0 = Release|x64
		{ABF31AA9-FAE4-4FE3-877B-EB4BB81A3D5E}.Release|x86.ActiveCfg = Release|Win32
		{ABF31AA9-FAE4-4FE3-877B-EB4BB81A3D5E}.Release|x86.Build.0 = Release|Win32
		{3A472184-1730-4D28-B22B-C028539E5D43}.Debug|x64.ActiveCfg = Debug|x64
		{3A472184-1730-4D28-B22B-C028539E5D43}.Debug|x64.Build.0 = Debug|x64
		{3A472184-1730-4D28-B22B-C028539E5D43}.Debug|x86.ActiveCfg = Debug|Win32
		{3A472184-1730-4D28-B22B-C028539E5D43}.Debug|x86.Build.0 = Debug|Win32
		{3A472184-1730-4D28-B22B-C028539E5D43}.Release|x64.ActiveCfg = Release|x64
		{3A472184-1730-4D28-B22B-C028539E5D43}.Release|x64.Build.0 = Release|x64
		{3A472184-1730-4D28-B22B-C028539E5D43}.Release|x86.ActiveCfg = Release|Win32
		{3A472184-1730-4D28-B22B-C028539E5D43}.Release|x86.Build.0 = Release|Win32
		{CE911623-FF3A-429D-88D5-C0F11A9FB91F}.Debug|x64.ActiveCfg = Debug|x64
		{CE911623-FF3A-429D-88D5-C0F11A9FB91F}.Debug|x64.Build.0 = Debug|x64
		{CE911623-FF3A-429D-88D5-C0F11A9FB91F}.Debug|x86.ActiveCfg = Debug|Win32
		{CE911623-FF3A-429D-88D5-C0F11A9FB91F}.Debug|x86.Build.0 = Debug|Win32
		{CE911623-FF3A-429D-88D5-C0F11A9FB91F}.Release|x64.ActiveCfg = Release|x64
		{CE911623-FF3A-429D-88D5-C0F11A9FB91F}.Release|x64.Build.0 = Release|x64
		{CE911623-FF3A-429D-88D5-C0F11A9FB91F}.Release|x86.ActiveCfg = Release|Win32
		{CE911623-FF3A-429D-88D5-C0F11A9FB91F}.Release|x86.Build.0 = Release|Win32
	EndGlobalSection
	GlobalSection(SolutionProperties) = preSolution
		HideSolutionNode = FALSE
	EndGlobalSection
	GlobalSection(ExtensibilityGlobals) = postSolution
		SolutionGuid = {9EA96AF9-6019-45FE-899C-D4B58DFDBE05}
	EndGlobalSection
EndGlobal
