
Microsoft Visual Studio Solution File, Format Version 12.00
# Visual Studio Version 17
VisualStudioVersion = 17.14.37012.4 d17.14
MinimumVisualStudioVersion = 10.0.40219.1
Project("{8BC9CEB8-8B4A-11D0-8D11-00A0C91BC942}") = "T2.哈希表的实现", "T2.哈希表的实现\T2.哈希表的实现.vcxproj", "{CF0EC932-E2BF-480A-8F1A-9D4A177BE0AA}"
EndProject
Global
	GlobalSection(SolutionConfigurationPlatforms) = preSolution
		Debug|x64 = Debug|x64
		Debug|x86 = Debug|x86
		Release|x64 = Release|x64
		Release|x86 = Release|x86
	EndGlobalSection
	GlobalSection(ProjectConfigurationPlatforms) = postSolution
		{CF0EC932-E2BF-480A-8F1A-9D4A177BE0AA}.Debug|x64.ActiveCfg = Debug|x64
		{CF0EC932-E2BF-480A-8F1A-9D4A177BE0AA}.Debug|x64.Build.0 = Debug|x64
		{CF0EC932-E2BF-480A-8F1A-9D4A177BE0AA}.Debug|x86.ActiveCfg = Debug|Win32
		{CF0EC932-E2BF-480A-8F1A-9D4A177BE0AA}.Debug|x86.Build.0 = Debug|Win32
		{CF0EC932-E2BF-480A-8F1A-9D4A177BE0AA}.Release|x64.ActiveCfg = Release|x64
		{CF0EC932-E2BF-480A-8F1A-9D4A177BE0AA}.Release|x64.Build.0 = Release|x64
		{CF0EC932-E2BF-480A-8F1A-9D4A177BE0AA}.Release|x86.ActiveCfg = Release|Win32
		{CF0EC932-E2BF-480A-8F1A-9D4A177BE0AA}.Release|x86.Build.0 = Release|Win32
	EndGlobalSection
	GlobalSection(SolutionProperties) = preSolution
		HideSolutionNode = FALSE
	EndGlobalSection
	GlobalSection(ExtensibilityGlobals) = postSolution
		SolutionGuid = {08D283DD-AC60-4FE0-BDCF-D3A0444BE88A}
	EndGlobalSection
EndGlobal
