
Microsoft Visual Studio Solution File, Format Version 12.00
# Visual Studio Version 17
VisualStudioVersion = 17.14.37012.4
MinimumVisualStudioVersion = 10.0.40219.1
Project("{8BC9CEB8-8B4A-11D0-8D11-00A0C91BC942}") = "01.字符串", "1\1.vcxproj", "{5170DE60-FE8E-48B4-8F03-2E85069391CB}"
EndProject
Project("{8BC9CEB8-8B4A-11D0-8D11-00A0C91BC942}") = "02.strlen", "2.strlen\2.strlen.vcxproj", "{E8EC3DD2-2BDD-47B9-BF63-BDD27AEF4A4D}"
EndProject
Project("{8BC9CEB8-8B4A-11D0-8D11-00A0C91BC942}") = "09.sprintf", "9.sprintf\9.sprintf.vcxproj", "{BF7DD704-1A56-4948-A4CD-4FA7DBDBC5FE}"
EndProject
Project("{8BC9CEB8-8B4A-11D0-8D11-00A0C91BC942}") = "10.结构体", "10.结构体\10.结构体.vcxproj", "{C4F53701-4B42-4EEB-ABC2-E95965A55C55}"
EndProject
Project("{8BC9CEB8-8B4A-11D0-8D11-00A0C91BC942}") = "11.枚举", "11.枚举\11.枚举.vcxproj", "{8A7F751B-C399-48DC-9B46-759CD8D57338}"
EndProject
Project("{8BC9CEB8-8B4A-11D0-8D11-00A0C91BC942}") = "03.strcpy", "03.strcpy\03.strcpy.vcxproj", "{960F6B8A-43DA-49AC-A822-6E7D6D02C04E}"
EndProject
Project("{8BC9CEB8-8B4A-11D0-8D11-00A0C91BC942}") = "04.strcat", "strcat\strcat.vcxproj", "{954C3C7C-39F2-4463-A9A6-ACF6AA81DB45}"
EndProject
Project("{8BC9CEB8-8B4A-11D0-8D11-00A0C91BC942}") = "05.strcmp", "05.cmp\05.cmp.vcxproj", "{0B62FD83-DBEF-4651-9FB6-EAB6B0A215F2}"
EndProject
Project("{8BC9CEB8-8B4A-11D0-8D11-00A0C91BC942}") = "06.字符串数组", "06.字符串数组\06.字符串数组.vcxproj", "{319F839F-7E3B-422D-92DB-45879DCCB353}"
EndProject
Project("{8BC9CEB8-8B4A-11D0-8D11-00A0C91BC942}") = "07.命令行参数", "07.命令行参数\07.命令行参数.vcxproj", "{51B7B369-3FEC-4E71-84C5-E47A77852ACD}"
EndProject
Project("{8BC9CEB8-8B4A-11D0-8D11-00A0C91BC942}") = "08.结构体", "08.结构体\08.结构体.vcxproj", "{0AE95C0A-2EFF-4976-AC46-C2008FE15964}"
EndProject
Global
	GlobalSection(SolutionConfigurationPlatforms) = preSolution
		Debug|x64 = Debug|x64
		Debug|x86 = Debug|x86
		Release|x64 = Release|x64
		Release|x86 = Release|x86
	EndGlobalSection
	GlobalSection(ProjectConfigurationPlatforms) = postSolution
		{5170DE60-FE8E-48B4-8F03-2E85069391CB}.Debug|x64.ActiveCfg = Debug|x64
		{5170DE60-FE8E-48B4-8F03-2E85069391CB}.Debug|x64.Build.0 = Debug|x64
		{5170DE60-FE8E-48B4-8F03-2E85069391CB}.Debug|x86.ActiveCfg = Debug|Win32
		{5170DE60-FE8E-48B4-8F03-2E85069391CB}.Debug|x86.Build.0 = Debug|Win32
		{5170DE60-FE8E-48B4-8F03-2E85069391CB}.Release|x64.ActiveCfg = Release|x64
		{5170DE60-FE8E-48B4-8F03-2E85069391CB}.Release|x64.Build.0 = Release|x64
		{5170DE60-FE8E-48B4-8F03-2E85069391CB}.Release|x86.ActiveCfg = Release|Win32
		{5170DE60-FE8E-48B4-8F03-2E85069391CB}.Release|x86.Build.0 = Release|Win32
		{E8EC3DD2-2BDD-47B9-BF63-BDD27AEF4A4D}.Debug|x64.ActiveCfg = Debug|x64
		{E8EC3DD2-2BDD-47B9-BF63-BDD27AEF4A4D}.Debug|x64.Build.0 = Debug|x64
		{E8EC3DD2-2BDD-47B9-BF63-BDD27AEF4A4D}.Debug|x86.ActiveCfg = Debug|Win32
		{E8EC3DD2-2BDD-47B9-BF63-BDD27AEF4A4D}.Debug|x86.Build.0 = Debug|Win32
		{E8EC3DD2-2BDD-47B9-BF63-BDD27AEF4A4D}.Release|x64.ActiveCfg = Release|x64
		{E8EC3DD2-2BDD-47B9-BF63-BDD27AEF4A4D}.Release|x64.Build.0 = Release|x64
		{E8EC3DD2-2BDD-47B9-BF63-BDD27AEF4A4D}.Release|x86.ActiveCfg = Release|Win32
		{E8EC3DD2-2BDD-47B9-BF63-BDD27AEF4A4D}.Release|x86.Build.0 = Release|Win32
		{BF7DD704-1A56-4948-A4CD-4FA7DBDBC5FE}.Debug|x64.ActiveCfg = Debug|x64
		{BF7DD704-1A56-4948-A4CD-4FA7DBDBC5FE}.Debug|x64.Build.0 = Debug|x64
		{BF7DD704-1A56-4948-A4CD-4FA7DBDBC5FE}.Debug|x86.ActiveCfg = Debug|Win32
		{BF7DD704-1A56-4948-A4CD-4FA7DBDBC5FE}.Debug|x86.Build.0 = Debug|Win32
		{BF7DD704-1A56-4948-A4CD-4FA7DBDBC5FE}.Release|x64.ActiveCfg = Release|x64
		{BF7DD704-1A56-4948-A4CD-4FA7DBDBC5FE}.Release|x64.Build.0 = Release|x64
		{BF7DD704-1A56-4948-A4CD-4FA7DBDBC5FE}.Release|x86.ActiveCfg = Release|Win32
		{BF7DD704-1A56-4948-A4CD-4FA7DBDBC5FE}.Release|x86.Build.0 = Release|Win32
		{C4F53701-4B42-4EEB-ABC2-E95965A55C55}.Debug|x64.ActiveCfg = Debug|x64
		{C4F53701-4B42-4EEB-ABC2-E95965A55C55}.Debug|x64.Build.0 = Debug|x64
		{C4F53701-4B42-4EEB-ABC2-E95965A55C55}.Debug|x86.ActiveCfg = Debug|Win32
		{C4F53701-4B42-4EEB-ABC2-E95965A55C55}.Debug|x86.Build.0 = Debug|Win32
		{C4F53701-4B42-4EEB-ABC2-E95965A55C55}.Release|x64.ActiveCfg = Release|x64
		{C4F53701-4B42-4EEB-ABC2-E95965A55C55}.Release|x64.Build.0 = Release|x64
		{C4F53701-4B42-4EEB-ABC2-E95965A55C55}.Release|x86.ActiveCfg = Release|Win32
		{C4F53701-4B42-4EEB-ABC2-E95965A55C55}.Release|x86.Build.0 = Release|Win32
		{8A7F751B-C399-48DC-9B46-759CD8D57338}.Debug|x64.ActiveCfg = Debug|x64
		{8A7F751B-C399-48DC-9B46-759CD8D57338}.Debug|x64.Build.0 = Debug|x64
		{8A7F751B-C399-48DC-9B46-759CD8D57338}.Debug|x86.ActiveCfg = Debug|Win32
		{8A7F751B-C399-48DC-9B46-759CD8D57338}.Debug|x86.Build.0 = Debug|Win32
		{8A7F751B-C399-48DC-9B46-759CD8D57338}.Release|x64.ActiveCfg = Release|x64
		{8A7F751B-C399-48DC-9B46-759CD8D57338}.Release|x64.Build.0 = Release|x64
		{8A7F751B-C399-48DC-9B46-759CD8D57338}.Release|x86.ActiveCfg = Release|Win32
		{8A7F751B-C399-48DC-9B46-759CD8D57338}.Release|x86.Build.0 = Release|Win32
		{960F6B8A-43DA-49AC-A822-6E7D6D02C04E}.Debug|x64.ActiveCfg = Debug|x64
		{960F6B8A-43DA-49AC-A822-6E7D6D02C04E}.Debug|x64.Build.0 = Debug|x64
		{960F6B8A-43DA-49AC-A822-6E7D6D02C04E}.Debug|x86.ActiveCfg = Debug|Win32
		{960F6B8A-43DA-49AC-A822-6E7D6D02C04E}.Debug|x86.Build.0 = Debug|Win32
		{960F6B8A-43DA-49AC-A822-6E7D6D02C04E}.Release|x64.ActiveCfg = Release|x64
		{960F6B8A-43DA-49AC-A822-6E7D6D02C04E}.Release|x64.Build.0 = Release|x64
		{960F6B8A-43DA-49AC-A822-6E7D6D02C04E}.Release|x86.ActiveCfg = Release|Win32
		{960F6B8A-43DA-49AC-A822-6E7D6D02C04E}.Release|x86.Build.0 = Release|Win32
		{954C3C7C-39F2-4463-A9A6-ACF6AA81DB45}.Debug|x64.ActiveCfg = Debug|x64
		{954C3C7C-39F2-4463-A9A6-ACF6AA81DB45}.Debug|x64.Build.0 = Debug|x64
		{954C3C7C-39F2-4463-A9A6-ACF6AA81DB45}.Debug|x86.ActiveCfg = Debug|Win32
		{954C3C7C-39F2-4463-A9A6-ACF6AA81DB45}.Debug|x86.Build.0 = Debug|Win32
		{954C3C7C-39F2-4463-A9A6-ACF6AA81DB45}.Release|x64.ActiveCfg = Release|x64
		{954C3C7C-39F2-4463-A9A6-ACF6AA81DB45}.Release|x64.Build.0 = Release|x64
		{954C3C7C-39F2-4463-A9A6-ACF6AA81DB45}.Release|x86.ActiveCfg = Release|Win32
		{954C3C7C-39F2-4463-A9A6-ACF6AA81DB45}.Release|x86.Build.0 = Release|Win32
		{0B62FD83-DBEF-4651-9FB6-EAB6B0A215F2}.Debug|x64.ActiveCfg = Debug|x64
		{0B62FD83-DBEF-4651-9FB6-EAB6B0A215F2}.Debug|x64.Build.0 = Debug|x64
		{0B62FD83-DBEF-4651-9FB6-EAB6B0A215F2}.Debug|x86.ActiveCfg = Debug|Win32
		{0B62FD83-DBEF-4651-9FB6-EAB6B0A215F2}.Debug|x86.Build.0 = Debug|Win32
		{0B62FD83-DBEF-4651-9FB6-EAB6B0A215F2}.Release|x64.ActiveCfg = Release|x64
		{0B62FD83-DBEF-4651-9FB6-EAB6B0A215F2}.Release|x64.Build.0 = Release|x64
		{0B62FD83-DBEF-4651-9FB6-EAB6B0A215F2}.Release|x86.ActiveCfg = Release|Win32
		{0B62FD83-DBEF-4651-9FB6-EAB6B0A215F2}.Release|x86.Build.0 = Release|Win32
		{319F839F-7E3B-422D-92DB-45879DCCB353}.Debug|x64.ActiveCfg = Debug|x64
		{319F839F-7E3B-422D-92DB-45879DCCB353}.Debug|x64.Build.0 = Debug|x64
		{319F839F-7E3B-422D-92DB-45879DCCB353}.Debug|x86.ActiveCfg = Debug|Win32
		{319F839F-7E3B-422D-92DB-45879DCCB353}.Debug|x86.Build.0 = Debug|Win32
		{319F839F-7E3B-422D-92DB-45879DCCB353}.Release|x64.ActiveCfg = Release|x64
		{319F839F-7E3B-422D-92DB-45879DCCB353}.Release|x64.Build.0 = Release|x64
		{319F839F-7E3B-422D-92DB-45879DCCB353}.Release|x86.ActiveCfg = Release|Win32
		{319F839F-7E3B-422D-92DB-45879DCCB353}.Release|x86.Build.0 = Release|Win32
		{51B7B369-3FEC-4E71-84C5-E47A77852ACD}.Debug|x64.ActiveCfg = Debug|x64
		{51B7B369-3FEC-4E71-84C5-E47A77852ACD}.Debug|x64.Build.0 = Debug|x64
		{51B7B369-3FEC-4E71-84C5-E47A77852ACD}.Debug|x86.ActiveCfg = Debug|Win32
		{51B7B369-3FEC-4E71-84C5-E47A77852ACD}.Debug|x86.Build.0 = Debug|Win32
		{51B7B369-3FEC-4E71-84C5-E47A77852ACD}.Release|x64.ActiveCfg = Release|x64
		{51B7B369-3FEC-4E71-84C5-E47A77852ACD}.Release|x64.Build.0 = Release|x64
		{51B7B369-3FEC-4E71-84C5-E47A77852ACD}.Release|x86.ActiveCfg = Release|Win32
		{51B7B369-3FEC-4E71-84C5-E47A77852ACD}.Release|x86.Build.0 = Release|Win32
		{0AE95C0A-2EFF-4976-AC46-C2008FE15964}.Debug|x64.ActiveCfg = Debug|x64
		{0AE95C0A-2EFF-4976-AC46-C2008FE15964}.Debug|x64.Build.0 = Debug|x64
		{0AE95C0A-2EFF-4976-AC46-C2008FE15964}.Debug|x86.ActiveCfg = Debug|Win32
		{0AE95C0A-2EFF-4976-AC46-C2008FE15964}.Debug|x86.Build.0 = Debug|Win32
		{0AE95C0A-2EFF-4976-AC46-C2008FE15964}.Release|x64.ActiveCfg = Release|x64
		{0AE95C0A-2EFF-4976-AC46-C2008FE15964}.Release|x64.Build.0 = Release|x64
		{0AE95C0A-2EFF-4976-AC46-C2008FE15964}.Release|x86.ActiveCfg = Release|Win32
		{0AE95C0A-2EFF-4976-AC46-C2008FE15964}.Release|x86.Build.0 = Release|Win32
	EndGlobalSection
	GlobalSection(SolutionProperties) = preSolution
		HideSolutionNode = FALSE
	EndGlobalSection
	GlobalSection(ExtensibilityGlobals) = postSolution
		SolutionGuid = {44B07879-0BB5-4722-B040-4E5AF3D7F307}
	EndGlobalSection
EndGlobal
